<?xml version="1.0" encoding="utf-8"?>
<Project ToolsVersion="4.0" xmlns="http://schemas.microsoft.com/developer/msbuild/2003">
  <ItemGroup>
    <Filter Include="Source Files">
      <UniqueIdentifier>{4FC737F1-C7A5-4376-A066-2A32D752A2FF}</UniqueIdentifier>
      <Extensions>cpp;c;cc;cxx;c++;cppm;ixx;def;odl;idl;hpj;bat;asm;asmx</Extensions>
    </Filter>
    <Filter Include="Header Files">
      <UniqueIdentifier>{93995380-89BD-4b04-88EB-625FBE52EBFB}</UniqueIdentifier>
      <Extensions>h;hh;hpp;hxx;h++;hm;inl;inc;ipp;xsd</Extensions>
    </Filter>
    <Filter Include="Resource Files">
      <UniqueIdentifier>{67DA6AB6-F800-4c08-8B7A-83BB121AAD01}</UniqueIdentifier>
      <Extensions>rc;ico;cur;bmp;dlg;rc2;rct;bin;rgs;gif;jpg;jpeg;jpe;resx;tiff;tif;png;wav;mfcribbon-ms</Extensions>
    </Filter>
    <Filter Include="Source Files\Framework">
      <UniqueIdentifier>{f5ec9b76-a580-46b7-a7e3-57a7d105ba5f}</UniqueIdentifier>
    </Filter>
    <Filter Include="Source Files\Stars Above">
      <UniqueIdentifier>{03b91948-6cc4-496f-8fbb-8f4df4a7a925}</UniqueIdentifier>
    </Filter>
    <Filter Include="Header Files\Framework">
      <UniqueIdentifier>{694d48c8-fc5b-48b0-be5c-a217075a3c1c}</UniqueIdentifier>
    </Filter>
    <Filter Include="Header Files\Stars Above">
      <UniqueIdentifier>{4cfef875-7e10-46a4-ba8f-545310652955}</UniqueIdentifier>
    </Filter>
    <Filter Include="Source Files\Stars Above\UI">
      <UniqueIdentifier>{ba584672-aa0a-4718-994b-dca18af51a98}</UniqueIdentifier>
    </Filter>
    <Filter Include="Header Files\Stars Above\UI">
      <UniqueIdentifier>{61e2a0b6-dd35-411e-a806-3b2c348c7a45}</UniqueIdentifier>
    </Filter>
  </ItemGroup>
  <ItemGroup>
    <ClInclude Include="..\..\include\gf2d_draw.h">
      <Filter>Header Files\Framework</Filter>
    </ClInclude>
    <ClInclude Include="..\..\include\gf2d_graphics.h">
      <Filter>Header Files\Framework</Filter>
    </ClInclude>
    <ClInclude Include="..\..\include\gf2d_sprite.h">
      <Filter>Header Files\Framework</Filter>
    </ClInclude>
    <ClInclude Include="..\..\include\starsabove_collision.h">
      <Filter>Header Files\Stars Above</Filter>
    </ClInclude>
    <ClInclude Include="..\..\include\starsabove_entity.h">
      <Filter>Header Files\Stars Above</Filter>
    </ClInclude>
    <ClInclude Include="..\..\include\starsabove_game.h">
      <Filter>Header Files\Stars Above</Filter>
    </ClInclude>
    <ClInclude Include="..\..\include\starsabove_game_resources.h">
      <Filter>Header Files\Stars Above</Filter>
    </ClInclude>
    <ClInclude Include="..\..\include\starsabove_nation.h">
      <Filter>Header Files\Stars Above</Filter>
    </ClInclude>
    <ClInclude Include="..\..\include\starsabove_system.h">
      <Filter>Header Files\Stars Above</Filter>
    </ClInclude>
    <ClInclude Include="..\..\include\starsabove_text.h">
      <Filter>Header Files\Stars Above</Filter>
    </ClInclude>
    <ClInclude Include="..\..\gfc\include\gfc_audio.h">
      <Filter>Header Files\Framework</Filter>
    </ClInclude>
    <ClInclude Include="..\..\gfc\include\gfc_callbacks.h">
      <Filter>Header Files\Framework</Filter>
    </ClInclude>
    <ClInclude Include="..\..\gfc\include\gfc_color.h">
      <Filter>Header Files\Framework</Filter>
    </ClInclude>
    <ClInclude Include="..\..\gfc\include\gfc_input.h">
      <Filter>Header Files\Framework</Filter>
    </ClInclude>
    <ClInclude Include="..\..\gfc\include\gfc_list.h">
      <Filter>Header Files\Framework</Filter>
    </ClInclude>
    <ClInclude Include="..\..\gfc\include\gfc_matrix.h">
      <Filter>Header Files\Framework</Filter>
    </ClInclude>
    <ClInclude Include="..\..\gfc\include\gfc_text.h">
      <Filter>Header Files\Framework</Filter>
    </ClInclude>
    <ClInclude Include="..\..\gfc\include\gfc_types.h">
      <Filter>Header Files\Framework</Filter>
    </ClInclude>
    <ClInclude Include="..\..\gfc\include\gfc_vector.h">
      <Filter>Header Files\Framework</Filter>
    </ClInclude>
    <ClInclude Include="..\..\gfc\simple_json\include\simple_json.h">
      <Filter>Header Files\Framework</Filter>
    </ClInclude>
    <ClInclude Include="..\..\gfc\simple_logger\include\simple_logger.h">
      <Filter>Header Files\Framework</Filter>
    </ClInclude>
    <ClInclude Include="..\..\include\starsabove_ui_base.h">
      <Filter>Header Files\Stars Above\UI</Filter>
    </ClInclude>
    <ClInclude Include="..\..\include\starsabove_ui_gametext.h">
      <Filter>Header Files\Stars Above\UI</Filter>
    </ClInclude>
    <ClInclude Include="..\..\include\starsabove_ui_textbox.h">
      <Filter>Header Files\Stars Above\UI</Filter>
    </ClInclude>
    <ClInclude Include="..\..\include\starsabove_planet.h">
      <Filter>Header Files\Stars Above</Filter>
    </ClInclude>
    <ClInclude Include="..\..\include\starsabove_resources.h">
      <Filter>Header Files\Stars Above</Filter>
    </ClInclude>
  </ItemGroup>
  <ItemGroup>
    <ClCompile Include="..\..\gfc\simple_logger\src\simple_logger.c">
      <Filter>Source Files\Framework</Filter>
    </ClCompile>
    <ClCompile Include="..\..\gfc\simple_json\src\simple_json.c">
      <Filter>Source Files\Framework</Filter>
    </ClCompile>
    <ClCompile Include="..\..\gfc\simple_json\src\simple_json_array.c">
      <Filter>Source Files\Framework</Filter>
    </ClCompile>
    <ClCompile Include="..\..\gfc\simple_json\src\simple_json_error.c">
      <Filter>Source Files\Framework</Filter>
    </ClCompile>
    <ClCompile Include="..\..\gfc\simple_json\src\simple_json_list.c">
      <Filter>Source Files\Framework</Filter>
    </ClCompile>
    <ClCompile Include="..\..\gfc\simple_json\src\simple_json_object.c">
      <Filter>Source Files\Framework</Filter>
    </ClCompile>
    <ClCompile Include="..\..\gfc\simple_json\src\simple_json_parse.c">
      <Filter>Source Files\Framework</Filter>
    </ClCompile>
    <ClCompile Include="..\..\gfc\simple_json\src\simple_json_string.c">
      <Filter>Source Files\Framework</Filter>
    </ClCompile>
    <ClCompile Include="..\..\gfc\src\gfc_audio.c">
      <Filter>Source Files\Framework</Filter>
    </ClCompile>
    <ClCompile Include="..\..\gfc\src\gfc_callbacks.c">
      <Filter>Source Files\Framework</Filter>
    </ClCompile>
    <ClCompile Include="..\..\gfc\src\gfc_color.c">
      <Filter>Source Files\Framework</Filter>
    </ClCompile>
    <ClCompile Include="..\..\gfc\src\gfc_input.c">
      <Filter>Source Files\Framework</Filter>
    </ClCompile>
    <ClCompile Include="..\..\gfc\src\gfc_list.c">
      <Filter>Source Files\Framework</Filter>
    </ClCompile>
    <ClCompile Include="..\..\gfc\src\gfc_matrix.c">
      <Filter>Source Files\Framework</Filter>
    </ClCompile>
    <ClCompile Include="..\..\gfc\src\gfc_text.c">
      <Filter>Source Files\Framework</Filter>
    </ClCompile>
    <ClCompile Include="..\..\gfc\src\gfc_types.c">
      <Filter>Source Files\Framework</Filter>
    </ClCompile>
    <ClCompile Include="..\..\gfc\src\gfc_vector.c">
      <Filter>Source Files\Framework</Filter>
    </ClCompile>
    <ClCompile Include="..\..\src\game.c">
      <Filter>Source Files\Framework</Filter>
    </ClCompile>
    <ClCompile Include="..\..\src\gf2d_draw.c">
      <Filter>Source Files\Framework</Filter>
    </ClCompile>
    <ClCompile Include="..\..\src\gf2d_graphics.c">
      <Filter>Source Files\Framework</Filter>
    </ClCompile>
    <ClCompile Include="..\..\src\gf2d_sprite.c">
      <Filter>Source Files\Framework</Filter>
    </ClCompile>
    <ClCompile Include="..\..\src\starsabove_collision.c">
      <Filter>Source Files\Stars Above</Filter>
    </ClCompile>
    <ClCompile Include="..\..\src\starsabove_entity.c">
      <Filter>Source Files\Stars Above</Filter>
    </ClCompile>
    <ClCompile Include="..\..\src\starsabove_game.c">
      <Filter>Source Files\Stars Above</Filter>
    </ClCompile>
    <ClCompile Include="..\..\src\starsabove_nation.c">
      <Filter>Source Files\Stars Above</Filter>
    </ClCompile>
    <ClCompile Include="..\..\src\starsabove_system.c">
      <Filter>Source Files\Stars Above</Filter>
    </ClCompile>
    <ClCompile Include="..\..\src\starsabove_text.c">
      <Filter>Source Files\Stars Above</Filter>
    </ClCompile>
    <ClCompile Include="..\..\src\starsabove_ui_base.c">
      <Filter>Source Files\Stars Above\UI</Filter>
    </ClCompile>
    <ClCompile Include="..\..\src\starsabove_ui_gametext.c">
      <Filter>Source Files\Stars Above\UI</Filter>
    </ClCompile>
    <ClCompile Include="..\..\src\starsabove_ui_textbox.c">
      <Filter>Source Files\Stars Above\UI</Filter>
    </ClCompile>
    <ClCompile Include="..\..\src\starsabove_game_resources.c">
      <Filter>Source Files\Stars Above</Filter>
    </ClCompile>
    <ClCompile Include="..\..\src\starsabove_planet.c">
      <Filter>Header Files\Stars Above</Filter>
    </ClCompile>
    <ClCompile Include="..\..\src\starsabove_resources.c">
      <Filter>Source Files\Stars Above</Filter>
    </ClCompile>
  </ItemGroup>
</Project>